// !$*UTF8*$!
{
	archiveVersion = 1;
	classes = {
	};
	objectVersion = 46;
	objects = {

/* Begin PBXBuildFile section */
		F41C3B181FC44214007A78F9 /* Extensions.swift in Sources */ = {isa = PBXBuildFile; fileRef = F41C3B171FC44214007A78F9 /* Extensions.swift */; };
		F41C3B1A1FC53C07007A78F9 /* LoginCell.swift in Sources */ = {isa = PBXBuildFile; fileRef = F41C3B191FC53C07007A78F9 /* LoginCell.swift */; };
		F467CC5A1FC40BDF000A409C /* PageCell.swift in Sources */ = {isa = PBXBuildFile; fileRef = F467CC591FC40BDF000A409C /* PageCell.swift */; };
		F467CC5C1FC4235F000A409C /* Page.swift in Sources */ = {isa = PBXBuildFile; fileRef = F467CC5B1FC4235F000A409C /* Page.swift */; };
		F475B66F1FC6AB2C00EDA697 /* HomeController.swift in Sources */ = {isa = PBXBuildFile; fileRef = F475B66E1FC6AB2C00EDA697 /* HomeController.swift */; };
		F475B6711FC6C46B00EDA697 /* UserDefaults+helpers.swift in Sources */ = {isa = PBXBuildFile; fileRef = F475B6701FC6C46B00EDA697 /* UserDefaults+helpers.swift */; };
		F4C7E8B61FC4029400BA5F42 /* AppDelegate.swift in Sources */ = {isa = PBXBuildFile; fileRef = F4C7E8B51FC4029400BA5F42 /* AppDelegate.swift */; };
		F4C7E8B81FC4029400BA5F42 /* LoginController.swift in Sources */ = {isa = PBXBuildFile; fileRef = F4C7E8B71FC4029400BA5F42 /* LoginController.swift */; };
		F4C7E8BB1FC4029400BA5F42 /* Main.storyboard in Resources */ = {isa = PBXBuildFile; fileRef = F4C7E8B91FC4029400BA5F42 /* Main.storyboard */; };
		F4C7E8BD1FC4029400BA5F42 /* Assets.xcassets in Resources */ = {isa = PBXBuildFile; fileRef = F4C7E8BC1FC4029400BA5F42 /* Assets.xcassets */; };
		F4C7E8C01FC4029400BA5F42 /* LaunchScreen.storyboard in Resources */ = {isa = PBXBuildFile; fileRef = F4C7E8BE1FC4029400BA5F42 /* LaunchScreen.storyboard */; };
		F4E5C8AC1FC5A2FC008624E1 /* MainNavigationController.swift in Sources */ = {isa = PBXBuildFile; fileRef = F4E5C8AB1FC5A2FC008624E1 /* MainNavigationController.swift */; };
/* End PBXBuildFile section */

/* Begin PBXFileReference section */
		F41C3B171FC44214007A78F9 /* Extensions.swift */ = {isa = PBXFileReference; fileEncoding = 4; lastKnownFileType = sourcecode.swift; path = Extensions.swift; sourceTree = "<group>"; };
		F41C3B191FC53C07007A78F9 /* LoginCell.swift */ = {isa = PBXFileReference; fileEncoding = 4; lastKnownFileType = sourcecode.swift; path = LoginCell.swift; sourceTree = "<group>"; };
		F467CC591FC40BDF000A409C /* PageCell.swift */ = {isa = PBXFileReference; fileEncoding = 4; lastKnownFileType = sourcecode.swift; path = PageCell.swift; sourceTree = "<group>"; };
		F467CC5B1FC4235F000A409C /* Page.swift */ = {isa = PBXFileReference; fileEncoding = 4; lastKnownFileType = sourcecode.swift; path = Page.swift; sourceTree = "<group>"; };
		F475B66E1FC6AB2C00EDA697 /* HomeController.swift */ = {isa = PBXFileReference; fileEncoding = 4; lastKnownFileType = sourcecode.swift; path = HomeController.swift; sourceTree = "<group>"; };
		F475B6701FC6C46B00EDA697 /* UserDefaults+helpers.swift */ = {isa = PBXFileReference; fileEncoding = 4; lastKnownFileType = sourcecode.swift; path = "UserDefaults+helpers.swift"; sourceTree = "<group>"; };
		F4C7E8B21FC4029300BA5F42 /* audible.app */ = {isa = PBXFileReference; explicitFileType = wrapper.application; includeInIndex = 0; path = audible.app; sourceTree = BUILT_PRODUCTS_DIR; };
		F4C7E8B51FC4029400BA5F42 /* AppDelegate.swift */ = {isa = PBXFileReference; lastKnownFileType = sourcecode.swift; path = AppDelegate.swift; sourceTree = "<group>"; };
		F4C7E8B71FC4029400BA5F42 /* LoginController.swift */ = {isa = PBXFileReference; lastKnownFileType = sourcecode.swift; path = LoginController.swift; sourceTree = "<group>"; };
		F4C7E8BA1FC4029400BA5F42 /* Base */ = {isa = PBXFileReference; lastKnownFileType = file.storyboard; name = Base; path = Base.lproj/Main.storyboard; sourceTree = "<group>"; };
		F4C7E8BC1FC4029400BA5F42 /* Assets.xcassets */ = {isa = PBXFileReference; lastKnownFileType = folder.assetcatalog; path = Assets.xcassets; sourceTree = "<group>"; };
		F4C7E8BF1FC4029400BA5F42 /* Base */ = {isa = PBXFileReference; lastKnownFileType = file.storyboard; name = Base; path = Base.lproj/LaunchScreen.storyboard; sourceTree = "<group>"; };
		F4C7E8C11FC4029400BA5F42 /* Info.plist */ = {isa = PBXFileReference; lastKnownFileType = text.plist.xml; path = Info.plist; sourceTree = "<group>"; };
		F4E5C8AB1FC5A2FC008624E1 /* MainNavigationController.swift */ = {isa = PBXFileReference; fileEncoding = 4; lastKnownFileType = sourcecode.swift; path = MainNavigationController.swift; sourceTree = "<group>"; };
/* End PBXFileReference section */

/* Begin PBXFrameworksBuildPhase section */
		F4C7E8AF1FC4029300BA5F42 /* Frameworks */ = {
			isa = PBXFrameworksBuildPhase;
			buildActionMask = 2147483647;
			files = (
			);
			runOnlyForDeploymentPostprocessing = 0;
		};
/* End PBXFrameworksBuildPhase section */

/* Begin PBXGroup section */
		F4C7E8A91FC4029300BA5F42 = {
			isa = PBXGroup;
			children = (
				F4C7E8B41FC4029300BA5F42 /* audible */,
				F4C7E8B31FC4029300BA5F42 /* Products */,
			);
			sourceTree = "<group>";
		};
		F4C7E8B31FC4029300BA5F42 /* Products */ = {
			isa = PBXGroup;
			children = (
				F4C7E8B21FC4029300BA5F42 /* audible.app */,
			);
			name = Products;
			sourceTree = "<group>";
		};
		F4C7E8B41FC4029300BA5F42 /* audible */ = {
			isa = PBXGroup;
			children = (
				F4C7E8B51FC4029400BA5F42 /* AppDelegate.swift */,
				F4C7E8B71FC4029400BA5F42 /* LoginController.swift */,
				F4C7E8B91FC4029400BA5F42 /* Main.storyboard */,
				F4C7E8BC1FC4029400BA5F42 /* Assets.xcassets */,
				F4C7E8BE1FC4029400BA5F42 /* LaunchScreen.storyboard */,
				F4C7E8C11FC4029400BA5F42 /* Info.plist */,
				F467CC591FC40BDF000A409C /* PageCell.swift */,
				F467CC5B1FC4235F000A409C /* Page.swift */,
				F41C3B171FC44214007A78F9 /* Extensions.swift */,
				F41C3B191FC53C07007A78F9 /* LoginCell.swift */,
				F4E5C8AB1FC5A2FC008624E1 /* MainNavigationController.swift */,
				F475B66E1FC6AB2C00EDA697 /* HomeController.swift */,
				F475B6701FC6C46B00EDA697 /* UserDefaults+helpers.swift */,
			);
			path = audible;
			sourceTree = "<group>";
		};
/* End PBXGroup section */

/* Begin PBXNativeTarget section */
		F4C7E8B11FC4029300BA5F42 /* audible */ = {
			isa = PBXNativeTarget;
			buildConfigurationList = F4C7E8C41FC4029400BA5F42 /* Build configuration list for PBXNativeTarget "audible" */;
			buildPhases = (
				F4C7E8AE1FC4029300BA5F42 /* Sources */,
				F4C7E8AF1FC4029300BA5F42 /* Frameworks */,
				F4C7E8B01FC4029300BA5F42 /* Resources */,
			);
			buildRules = (
			);
			dependencies = (
			);
			name = audible;
			productName = audible;
			productReference = F4C7E8B21FC4029300BA5F42 /* audible.app */;
			productType = "com.apple.product-type.application";
		};
/* End PBXNativeTarget section */

/* Begin PBXProject section */
		F4C7E8AA1FC4029300BA5F42 /* Project object */ = {
			isa = PBXProject;
			attributes = {
				LastSwiftUpdateCheck = 0730;
				LastUpgradeCheck = 0800;
				ORGANIZATIONNAME = Shree;
				TargetAttributes = {
					F4C7E8B11FC4029300BA5F42 = {
						CreatedOnToolsVersion = 7.3.1;
						LastSwiftMigration = 0800;
					};
				};
			};
			buildConfigurationList = F4C7E8AD1FC4029300BA5F42 /* Build configuration list for PBXProject "audible" */;
			compatibilityVersion = "Xcode 3.2";
			developmentRegion = English;
			hasScannedForEncodings = 0;
			knownRegions = (
				en,
				Base,
			);
			mainGroup = F4C7E8A91FC4029300BA5F42;
			productRefGroup = F4C7E8B31FC4029300BA5F42 /* Products */;
			projectDirPath = "";
			projectRoot = "";
			targets = (
				F4C7E8B11FC4029300BA5F42 /* audible */,
			);
		};
/* End PBXProject section */

/* Begin PBXResourcesBuildPhase section */
		F4C7E8B01FC4029300BA5F42 /* Resources */ = {
			isa = PBXResourcesBuildPhase;
			buildActionMask = 2147483647;
			files = (
				F4C7E8C01FC4029400BA5F42 /* LaunchScreen.storyboard in Resources */,
				F4C7E8BD1FC4029400BA5F42 /* Assets.xcassets in Resources */,
				F4C7E8BB1FC4029400BA5F42 /* Main.storyboard in Resources */,
			);
			runOnlyForDeploymentPostprocessing = 0;
		};
/* End PBXResourcesBuildPhase section */

/* Begin PBXSourcesBuildPhase section */
		F4C7E8AE1FC4029300BA5F42 /* Sources */ = {
			isa = PBXSourcesBuildPhase;
			buildActionMask = 2147483647;
			files = (
				F41C3B181FC44214007A78F9 /* Extensions.swift in Sources */,
				F4C7E8B81FC4029400BA5F42 /* LoginController.swift in Sources */,
				F4C7E8B61FC4029400BA5F42 /* AppDelegate.swift in Sources */,
				F467CC5C1FC4235F000A409C /* Page.swift in Sources */,
				F475B66F1FC6AB2C00EDA697 /* HomeController.swift in Sources */,
				F4E5C8AC1FC5A2FC008624E1 /* MainNavigationController.swift in Sources */,
				F467CC5A1FC40BDF000A409C /* PageCell.swift in Sources */,
				F41C3B1A1FC53C07007A78F9 /* LoginCell.swift in Sources */,
				F475B6711FC6C46B00EDA697 /* UserDefaults+helpers.swift in Sources */,
			);
			runOnlyForDeploymentPostprocessing = 0;
		};
/* End PBXSourcesBuildPhase section */

/* Begin PBXVariantGroup section */
		F4C7E8B91FC4029400BA5F42 /* Main.storyboard */ = {
			isa = PBXVariantGroup;
			children = (
				F4C7E8BA1FC4029400BA5F42 /* Base */,
			);
			name = Main.storyboard;
			sourceTree = "<group>";
		};
		F4C7E8BE1FC4029400BA5F42 /* LaunchScreen.storyboard */ = {
			isa = PBXVariantGroup;
			children = (
				F4C7E8BF1FC4029400BA5F42 /* Base */,
			);
			name = LaunchScreen.storyboard;
			sourceTree = "<group>";
		};
/* End PBXVariantGroup section */

/* Begin XCBuildConfiguration section */
		F4C7E8C21FC4029400BA5F42 /* Debug */ = {
			isa = XCBuildConfiguration;
			buildSettings = {
				ALWAYS_SEARCH_USER_PATHS = NO;
				CLANG_ANALYZER_NONNULL = YES;
				CLANG_CXX_LANGUAGE_STANDARD = "gnu++0x";
				CLANG_CXX_LIBRARY = "libc++";
				CLANG_ENABLE_MODULES = YES;
				CLANG_ENABLE_OBJC_ARC = YES;
				CLANG_WARN_BOOL_CONVERSION = YES;
				CLANG_WARN_CONSTANT_CONVERSION = YES;
				CLANG_WARN_DIRECT_OBJC_ISA_USAGE = YES_ERROR;
				CLANG_WARN_EMPTY_BODY = YES;
				CLANG_WARN_ENUM_CONVERSION = YES;
				CLANG_WARN_INFINITE_RECURSION = YES;
				CLANG_WARN_INT_CONVERSION = YES;
				CLANG_WARN_OBJC_ROOT_CLASS = YES_ERROR;
				CLANG_WARN_SUSPICIOUS_MOVE = YES;
				CLANG_WARN_UNREACHABLE_CODE = YES;
				CLANG_WARN__DUPLICATE_METHOD_MATCH = YES;
				"CODE_SIGN_IDENTITY[sdk=iphoneos*]" = "iPhone Developer";
				COPY_PHASE_STRIP = NO;
				DEBUG_INFORMATION_FORMAT = dwarf;
				ENABLE_STRICT_OBJC_MSGSEND = YES;
				ENABLE_TESTABILITY = YES;
				GCC_C_LANGUAGE_STANDARD = gnu99;
				GCC_DYNAMIC_NO_PIC = NO;
				GCC_NO_COMMON_BLOCKS = YES;
				GCC_OPTIMIZATION_LEVEL = 0;
				GCC_PREPROCESSOR_DEFINITIONS = (
					"DEBUG=1",
					"$(inherited)",
				);
				GCC_WARN_64_TO_32_BIT_CONVERSION = YES;
				GCC_WARN_ABOUT_RETURN_TYPE = YES_ERROR;
				GCC_WARN_UNDECLARED_SELECTOR = YES;
				GCC_WARN_UNINITIALIZED_AUTOS = YES_AGGRESSIVE;
				GCC_WARN_UNUSED_FUNCTION = YES;
				GCC_WARN_UNUSED_VARIABLE = YES;
				IPHONEOS_DEPLOYMENT_TARGET = 9.3;
				MTL_ENABLE_DEBUG_INFO = YES;
				ONLY_ACTIVE_ARCH = YES;
				SDKROOT = iphoneos;
				SWIFT_OPTIMIZATION_LEVEL = "-Onone";
			};
			name = Debug;
		};
		F4C7E8C31FC4029400BA5F42 /* Release */ = {
			isa = XCBuildConfiguration;
			buildSettings = {
				ALWAYS_SEARCH_USER_PATHS = NO;
				CLANG_ANALYZER_NONNULL = YES;
				CLANG_CXX_LANGUAGE_STANDARD = "gnu++0x";
				CLANG_CXX_LIBRARY = "libc++";
				CLANG_ENABLE_MODULES = YES;
				CLANG_ENABLE_OBJC_ARC = YES;
				CLANG_WARN_BOOL_CONVERSION = YES;
				CLANG_WARN_CONSTANT_CONVERSION = YES;
				CLANG_WARN_DIRECT_OBJC_ISA_USAGE = YES_ERROR;
				CLANG_WARN_EMPTY_BODY = YES;
				CLANG_WARN_ENUM_CONVERSION = YES;
				CLANG_WARN_INFINITE_RECURSION = YES;
				CLANG_WARN_INT_CONVERSION = YES;
				CLANG_WARN_OBJC_ROOT_CLASS = YES_ERROR;
				CLANG_WARN_SUSPICIOUS_MOVE = YES;
				CLANG_WARN_UNREACHABLE_CODE = YES;
				CLANG_WARN__DUPLICATE_METHOD_MATCH = YES;
				"CODE_SIGN_IDENTITY[sdk=iphoneos*]" = "iPhone Developer";
				COPY_PHASE_STRIP = NO;
				DEBUG_INFORMATION_FORMAT = "dwarf-with-dsym";
				ENABLE_NS_ASSERTIONS = NO;
				ENABLE_STRICT_OBJC_MSGSEND = YES;
				GCC_C_LANGUAGE_STANDARD = gnu99;
				GCC_NO_COMMON_BLOCKS = YES;
				GCC_WARN_64_TO_32_BIT_CONVERSION = YES;
				GCC_WARN_ABOUT_RETURN_TYPE = YES_ERROR;
				GCC_WARN_UNDECLARED_SELECTOR = YES;
				GCC_WARN_UNINITIALIZED_AUTOS = YES_AGGRESSIVE;
				GCC_WARN_UNUSED_FUNCTION = YES;
				GCC_WARN_UNUSED_VARIABLE = YES;
				IPHONEOS_DEPLOYMENT_TARGET = 9.3;
				MTL_ENABLE_DEBUG_INFO = NO;
				SDKROOT = iphoneos;
				SWIFT_OPTIMIZATION_LEVEL = "-Owholemodule";
				VALIDATE_PRODUCT = YES;
			};
			name = Release;
		};
		F4C7E8C51FC4029400BA5F42 /* Debug */ = {
			isa = XCBuildConfiguration;
			buildSettings = {
				ASSETCATALOG_COMPILER_APPICON_NAME = AppIcon;
				INFOPLIST_FILE = audible/Info.plist;
				LD_RUNPATH_SEARCH_PATHS = "$(inherited) @executable_path/Frameworks";
				PRODUCT_BUNDLE_IDENTIFIER = Shree.audible;
				PRODUCT_NAME = "$(TARGET_NAME)";
				SWIFT_VERSION = 3.0;
			};
			name = Debug;
		};
		F4C7E8C61FC4029400BA5F42 /* Release */ = {
			isa = XCBuildConfiguration;
			buildSettings = {
				ASSETCATALOG_COMPILER_APPICON_NAME = AppIcon;
				INFOPLIST_FILE = audible/Info.plist;
				LD_RUNPATH_SEARCH_PATHS = "$(inherited) @executable_path/Frameworks";
				PRODUCT_BUNDLE_IDENTIFIER = Shree.audible;
				PRODUCT_NAME = "$(TARGET_NAME)";
				SWIFT_VERSION = 3.0;
			};
			name = Release;
		};
/* End XCBuildConfiguration section */

/* Begin XCConfigurationList section */
		F4C7E8AD1FC4029300BA5F42 /* Build configuration list for PBXProject "audible" */ = {
			isa = XCConfigurationList;
			buildConfigurations = (
				F4C7E8C21FC4029400BA5F42 /* Debug */,
				F4C7E8C31FC4029400BA5F42 /* Release */,
			);
			defaultConfigurationIsVisible = 0;
			defaultConfigurationName = Release;
		};
		F4C7E8C41FC4029400BA5F42 /* Build configuration list for PBXNativeTarget "audible" */ = {
			isa = XCConfigurationList;
			buildConfigurations = (
				F4C7E8C51FC4029400BA5F42 /* Debug */,
				F4C7E8C61FC4029400BA5F42 /* Release */,
			);
			defaultConfigurationIsVisible = 0;
			defaultConfigurationName = Release;
		};
/* End XCConfigurationList section */
	};
	rootObject = F4C7E8AA1FC4029300BA5F42 /* Project object */;
}
